// !$*UTF8*$!
{
	archiveVersion = 1;
	classes = {
	};
	objectVersion = 46;
	objects = {

/* Begin PBXBuildFile section */
		03A89AA81D93D4BF000AB035 /* XCTest.m in Sources */ = {isa = PBXBuildFile; fileRef = 03A89AA71D93D4BF000AB035 /* XCTest.m */; };
		03A89AAA1D93DE0C000AB035 /* XCTestCase.m in Sources */ = {isa = PBXBuildFile; fileRef = 03A89AA91D93DE0C000AB035 /* XCTestCase.m */; };
		03A89AAC1D93DE1E000AB035 /* XCTestSuite.m in Sources */ = {isa = PBXBuildFile; fileRef = 03A89AAB1D93DE1E000AB035 /* XCTestSuite.m */; };
/* End PBXBuildFile section */

/* Begin PBXCopyFilesBuildPhase section */
		03A89A961D93CD38000AB035 /* CopyFiles */ = {
			isa = PBXCopyFilesBuildPhase;
			buildActionMask = 2147483647;
			dstPath = "include/$(PRODUCT_NAME)";
			dstSubfolderSpec = 16;
			files = (
			);
			runOnlyForDeploymentPostprocessing = 0;
		};
/* End PBXCopyFilesBuildPhase section */

/* Begin PBXFileReference section */
		03A89A981D93CD38000AB035 /* libXCTest-Stub.a */ = {isa = PBXFileReference; explicitFileType = archive.ar; includeInIndex = 0; path = "libXCTest-Stub.a"; sourceTree = BUILT_PRODUCTS_DIR; };
		03A89AA41D93D15C000AB035 /* XCTest.h */ = {isa = PBXFileReference; fileEncoding = 4; lastKnownFileType = sourcecode.c.h; path = XCTest.h; sourceTree = "<group>"; };
		03A89AA51D93D15C000AB035 /* XCTestCase.h */ = {isa = PBXFileReference; fileEncoding = 4; lastKnownFileType = sourcecode.c.h; path = XCTestCase.h; sourceTree = "<group>"; };
		03A89AA61D93D21C000AB035 /* XCTestSuite.h */ = {isa = PBXFileReference; fileEncoding = 4; lastKnownFileType = sourcecode.c.h; path = XCTestSuite.h; sourceTree = "<group>"; };
		03A89AA71D93D4BF000AB035 /* XCTest.m */ = {isa = PBXFileReference; fileEncoding = 4; lastKnownFileType = sourcecode.c.objc; path = XCTest.m; sourceTree = "<group>"; };
		03A89AA91D93DE0C000AB035 /* XCTestCase.m */ = {isa = PBXFileReference; fileEncoding = 4; lastKnownFileType = sourcecode.c.objc; path = XCTestCase.m; sourceTree = "<group>"; };
		03A89AAB1D93DE1E000AB035 /* XCTestSuite.m */ = {isa = PBXFileReference; fileEncoding = 4; lastKnownFileType = sourcecode.c.objc; path = XCTestSuite.m; sourceTree = "<group>"; };
/* End PBXFileReference section */

/* Begin PBXFrameworksBuildPhase section */
		03A89A951D93CD38000AB035 /* Frameworks */ = {
			isa = PBXFrameworksBuildPhase;
			buildActionMask = 2147483647;
			files = (
			);
			runOnlyForDeploymentPostprocessing = 0;
		};
/* End PBXFrameworksBuildPhase section */

/* Begin PBXGroup section */
		03A89A8F1D93CD38000AB035 = {
			isa = PBXGroup;
			children = (
				03A89A9A1D93CD38000AB035 /* XCTest-Stub */,
				03A89A991D93CD38000AB035 /* Products */,
			);
			sourceTree = "<group>";
		};
		03A89A991D93CD38000AB035 /* Products */ = {
			isa = PBXGroup;
			children = (
				03A89A981D93CD38000AB035 /* libXCTest-Stub.a */,
			);
			name = Products;
			sourceTree = "<group>";
		};
		03A89A9A1D93CD38000AB035 /* XCTest-Stub */ = {
			isa = PBXGroup;
			children = (
				03A89AA41D93D15C000AB035 /* XCTest.h */,
				03A89AA71D93D4BF000AB035 /* XCTest.m */,
				03A89AA51D93D15C000AB035 /* XCTestCase.h */,
				03A89AA91D93DE0C000AB035 /* XCTestCase.m */,
				03A89AA61D93D21C000AB035 /* XCTestSuite.h */,
				03A89AAB1D93DE1E000AB035 /* XCTestSuite.m */,
			);
			path = "XCTest-Stub";
			sourceTree = "<group>";
		};
/* End PBXGroup section */

/* Begin PBXNativeTarget section */
		03A89A971D93CD38000AB035 /* XCTest-Stub */ = {
			isa = PBXNativeTarget;
			buildConfigurationList = 03A89AA11D93CD38000AB035 /* Build configuration list for PBXNativeTarget "XCTest-Stub" */;
			buildPhases = (
				03A89A941D93CD38000AB035 /* Sources */,
				03A89A951D93CD38000AB035 /* Frameworks */,
				03A89A961D93CD38000AB035 /* CopyFiles */,
			);
			buildRules = (
			);
			dependencies = (
			);
			name = "XCTest-Stub";
			productName = "XCTest-Stub";
			productReference = 03A89A981D93CD38000AB035 /* libXCTest-Stub.a */;
			productType = "com.apple.product-type.library.static";
		};
/* End PBXNativeTarget section */

/* Begin PBXProject section */
		03A89A901D93CD38000AB035 /* Project object */ = {
			isa = PBXProject;
			attributes = {
				LastUpgradeCheck = 0730;
				ORGANIZATIONNAME = "organismo-mobile";
				TargetAttributes = {
					03A89A971D93CD38000AB035 = {
						CreatedOnToolsVersion = 7.3.1;
					};
				};
			};
			buildConfigurationList = 03A89A931D93CD38000AB035 /* Build configuration list for PBXProject "XCTest-Stub" */;
			compatibilityVersion = "Xcode 3.2";
			developmentRegion = English;
			hasScannedForEncodings = 0;
			knownRegions = (
				en,
			);
			mainGroup = 03A89A8F1D93CD38000AB035;
			productRefGroup = 03A89A991D93CD38000AB035 /* Products */;
			projectDirPath = "";
			projectRoot = "";
			targets = (
				03A89A971D93CD38000AB035 /* XCTest-Stub */,
			);
		};
/* End PBXProject section */

/* Begin PBXSourcesBuildPhase section */
		03A89A941D93CD38000AB035 /* Sources */ = {
			isa = PBXSourcesBuildPhase;
			buildActionMask = 2147483647;
			files = (
				03A89AAA1D93DE0C000AB035 /* XCTestCase.m in Sources */,
				03A89AAC1D93DE1E000AB035 /* XCTestSuite.m in Sources */,
				03A89AA81D93D4BF000AB035 /* XCTest.m in Sources */,
			);
			runOnlyForDeploymentPostprocessing = 0;
		};
/* End PBXSourcesBuildPhase section */

/* Begin XCBuildConfiguration section */
		03A89A9F1D93CD38000AB035 /* Debug */ = {
			isa = XCBuildConfiguration;
			buildSettings = {
				ALWAYS_SEARCH_USER_PATHS = NO;
				CLANG_ANALYZER_NONNULL = YES;
				CLANG_CXX_LANGUAGE_STANDARD = "gnu++0x";
				CLANG_CXX_LIBRARY = "libc++";
				CLANG_ENABLE_MODULES = YES;
				CLANG_ENABLE_OBJC_ARC = YES;
				CLANG_WARN_BOOL_CONVERSION = YES;
				CLANG_WARN_CONSTANT_CONVERSION = YES;
				CLANG_WARN_DIRECT_OBJC_ISA_USAGE = YES_ERROR;
				CLANG_WARN_EMPTY_BODY = YES;
				CLANG_WARN_ENUM_CONVERSION = YES;
				CLANG_WARN_INT_CONVERSION = YES;
				CLANG_WARN_OBJC_ROOT_CLASS = YES_ERROR;
				CLANG_WARN_UNREACHABLE_CODE = YES;
				CLANG_WARN__DUPLICATE_METHOD_MATCH = YES;
				"CODE_SIGN_IDENTITY[sdk=iphoneos*]" = "iPhone Developer";
				COPY_PHASE_STRIP = NO;
				DEBUG_INFORMATION_FORMAT = dwarf;
				ENABLE_STRICT_OBJC_MSGSEND = YES;
				ENABLE_TESTABILITY = YES;
				GCC_C_LANGUAGE_STANDARD = gnu99;
				GCC_DYNAMIC_NO_PIC = NO;
				GCC_NO_COMMON_BLOCKS = YES;
				GCC_OPTIMIZATION_LEVEL = 0;
				GCC_PREPROCESSOR_DEFINITIONS = (
					"DEBUG=1",
					"$(inherited)",
				);
				GCC_WARN_64_TO_32_BIT_CONVERSION = YES;
				GCC_WARN_ABOUT_RETURN_TYPE = YES_ERROR;
				GCC_WARN_UNDECLARED_SELECTOR = YES;
				GCC_WARN_UNINITIALIZED_AUTOS = YES_AGGRESSIVE;
				GCC_WARN_UNUSED_FUNCTION = YES;
				GCC_WARN_UNUSED_VARIABLE = YES;
				IPHONEOS_DEPLOYMENT_TARGET = 9.3;
				MTL_ENABLE_DEBUG_INFO = YES;
				ONLY_ACTIVE_ARCH = YES;
				SDKROOT = iphoneos;
			};
			name = Debug;
		};
		03A89AA01D93CD38000AB035 /* Release */ = {
			isa = XCBuildConfiguration;
			buildSettings = {
				ALWAYS_SEARCH_USER_PATHS = NO;
				CLANG_ANALYZER_NONNULL = YES;
				CLANG_CXX_LANGUAGE_STANDARD = "gnu++0x";
				CLANG_CXX_LIBRARY = "libc++";
				CLANG_ENABLE_MODULES = YES;
				CLANG_ENABLE_OBJC_ARC = YES;
				CLANG_WARN_BOOL_CONVERSION = YES;
				CLANG_WARN_CONSTANT_CONVERSION = YES;
				CLANG_WARN_DIRECT_OBJC_ISA_USAGE = YES_ERROR;
				CLANG_WARN_EMPTY_BODY = YES;
				CLANG_WARN_ENUM_CONVERSION = YES;
				CLANG_WARN_INT_CONVERSION = YES;
				CLANG_WARN_OBJC_ROOT_CLASS = YES_ERROR;
				CLANG_WARN_UNREACHABLE_CODE = YES;
				CLANG_WARN__DUPLICATE_METHOD_MATCH = YES;
				"CODE_SIGN_IDENTITY[sdk=iphoneos*]" = "iPhone Developer";
				COPY_PHASE_STRIP = NO;
				DEBUG_INFORMATION_FORMAT = "dwarf-with-dsym";
				ENABLE_NS_ASSERTIONS = NO;
				ENABLE_STRICT_OBJC_MSGSEND = YES;
				GCC_C_LANGUAGE_STANDARD = gnu99;
				GCC_NO_COMMON_BLOCKS = YES;
				GCC_WARN_64_TO_32_BIT_CONVERSION = YES;
				GCC_WARN_ABOUT_RETURN_TYPE = YES_ERROR;
				GCC_WARN_UNDECLARED_SELECTOR = YES;
				GCC_WARN_UNINITIALIZED_AUTOS = YES_AGGRESSIVE;
				GCC_WARN_UNUSED_FUNCTION = YES;
				GCC_WARN_UNUSED_VARIABLE = YES;
				IPHONEOS_DEPLOYMENT_TARGET = 9.3;
				MTL_ENABLE_DEBUG_INFO = NO;
				SDKROOT = iphoneos;
				VALIDATE_PRODUCT = YES;
			};
			name = Release;
		};
		03A89AA21D93CD38000AB035 /* Debug */ = {
			isa = XCBuildConfiguration;
			buildSettings = {
				OTHER_LDFLAGS = "-ObjC";
				PRODUCT_NAME = "$(TARGET_NAME)";
				SKIP_INSTALL = YES;
			};
			name = Debug;
		};
		03A89AA31D93CD38000AB035 /* Release */ = {
			isa = XCBuildConfiguration;
			buildSettings = {
				OTHER_LDFLAGS = "-ObjC";
				PRODUCT_NAME = "$(TARGET_NAME)";
				SKIP_INSTALL = YES;
			};
			name = Release;
		};
/* End XCBuildConfiguration section */

/* Begin XCConfigurationList section */
		03A89A931D93CD38000AB035 /* Build configuration list for PBXProject "XCTest-Stub" */ = {
			isa = XCConfigurationList;
			buildConfigurations = (
				03A89A9F1D93CD38000AB035 /* Debug */,
				03A89AA01D93CD38000AB035 /* Release */,
			);
			defaultConfigurationIsVisible = 0;
			defaultConfigurationName = Release;
		};
		03A89AA11D93CD38000AB035 /* Build configuration list for PBXNativeTarget "XCTest-Stub" */ = {
			isa = XCConfigurationList;
			buildConfigurations = (
				03A89AA21D93CD38000AB035 /* Debug */,
				03A89AA31D93CD38000AB035 /* Release */,
			);
			defaultConfigurationIsVisible = 0;
			defaultConfigurationName = Release;
		};
/* End XCConfigurationList section */
	};
	rootObject = 03A89A901D93CD38000AB035 /* Project object */;
}
